
Microsoft Visual Studio Solution File, Format Version 12.00
# Visual Studio Version 16
VisualStudioVersion = 16.0.31129.286
MinimumVisualStudioVersion = 10.0.40219.1
Project("{FAE04EC0-301F-11D3-BF4B-00C04F79EFBC}") = "BrainfuckInterpreter", "BrainfuckCompiler\BrainfuckInterpreter.csproj", "{A922B1F4-0DA3-4ACB-8B4A-A3675434582A}"
EndProject
Global
	GlobalSection(SolutionConfigurationPlatforms) = preSolution
		Debug|Any CPU = Debug|Any CPU
		Release|Any CPU = Release|Any CPU
	EndGlobalSection
	GlobalSection(ProjectConfigurationPlatforms) = postSolution
		{A922B1F4-0DA3-4ACB-8B4A-A3675434582A}.Debug|Any CPU.ActiveCfg = Debug|Any CPU
		{A922B1F4-0DA3-4ACB-8B4A-A3675434582A}.Debug|Any CPU.Build.0 = Debug|Any CPU
		{A922B1F4-0DA3-4ACB-8B4A-A3675434582A}.Release|Any CPU.ActiveCfg = Release|Any CPU
		{A922B1F4-0DA3-4ACB-8B4A-A3675434582A}.Release|Any CPU.Build.0 = Release|Any CPU
	EndGlobalSection
	GlobalSection(SolutionProperties) = preSolution
		HideSolutionNode = FALSE
	EndGlobalSection
	GlobalSection(ExtensibilityGlobals) = postSolution
		SolutionGuid = {F6A81143-6086-411C-B7AD-F3808D8A7C42}
	EndGlobalSection
EndGlobal
